// !$*UTF8*$!
{
	archiveVersion = 1;
	classes = {
	};
	objectVersion = 50;
	objects = {

/* Begin PBXBuildFile section */
		C19F273125A543D5008B3022 /* AppDelegate.swift in Sources */ = {isa = PBXBuildFile; fileRef = C19F273025A543D5008B3022 /* AppDelegate.swift */; };
		C19F273A25A543D8008B3022 /* Assets.xcassets in Resources */ = {isa = PBXBuildFile; fileRef = C19F273925A543D8008B3022 /* Assets.xcassets */; };
		C19F273D25A543D8008B3022 /* LaunchScreen.storyboard in Resources */ = {isa = PBXBuildFile; fileRef = C19F273B25A543D8008B3022 /* LaunchScreen.storyboard */; };
		C19F274725A55AEB008B3022 /* CurrencyConverterViewController.swift in Sources */ = {isa = PBXBuildFile; fileRef = C19F274625A55AEB008B3022 /* CurrencyConverterViewController.swift */; };
		C19F274C25A55B09008B3022 /* DataFixerAPI.swift in Sources */ = {isa = PBXBuildFile; fileRef = C19F274B25A55B09008B3022 /* DataFixerAPI.swift */; };
		C19F275325A57157008B3022 /* Currency.swift in Sources */ = {isa = PBXBuildFile; fileRef = C19F275225A57157008B3022 /* Currency.swift */; };
		C19F275825A57952008B3022 /* CurrencyCellView.swift in Sources */ = {isa = PBXBuildFile; fileRef = C19F275725A57952008B3022 /* CurrencyCellView.swift */; };
		C19F275D25A590CE008B3022 /* CurrencyResponse.swift in Sources */ = {isa = PBXBuildFile; fileRef = C19F275C25A590CE008B3022 /* CurrencyResponse.swift */; };
		C19F276025A59174008B3022 /* ConversionResponse.swift in Sources */ = {isa = PBXBuildFile; fileRef = C19F275F25A59174008B3022 /* ConversionResponse.swift */; };
/* End PBXBuildFile section */

/* Begin PBXFileReference section */
		C19F272D25A543D5008B3022 /* Currency Converter.app */ = {isa = PBXFileReference; explicitFileType = wrapper.application; includeInIndex = 0; path = "Currency Converter.app"; sourceTree = BUILT_PRODUCTS_DIR; };
		C19F273025A543D5008B3022 /* AppDelegate.swift */ = {isa = PBXFileReference; lastKnownFileType = sourcecode.swift; path = AppDelegate.swift; sourceTree = "<group>"; };
		C19F273925A543D8008B3022 /* Assets.xcassets */ = {isa = PBXFileReference; lastKnownFileType = folder.assetcatalog; path = Assets.xcassets; sourceTree = "<group>"; };
		C19F273C25A543D8008B3022 /* Base */ = {isa = PBXFileReference; lastKnownFileType = file.storyboard; name = Base; path = Base.lproj/LaunchScreen.storyboard; sourceTree = "<group>"; };
		C19F273E25A543D8008B3022 /* Info.plist */ = {isa = PBXFileReference; lastKnownFileType = text.plist.xml; path = Info.plist; sourceTree = "<group>"; };
		C19F274625A55AEB008B3022 /* CurrencyConverterViewController.swift */ = {isa = PBXFileReference; lastKnownFileType = sourcecode.swift; path = CurrencyConverterViewController.swift; sourceTree = "<group>"; };
		C19F274B25A55B09008B3022 /* DataFixerAPI.swift */ = {isa = PBXFileReference; lastKnownFileType = sourcecode.swift; path = DataFixerAPI.swift; sourceTree = "<group>"; };
		C19F275225A57157008B3022 /* Currency.swift */ = {isa = PBXFileReference; lastKnownFileType = sourcecode.swift; path = Currency.swift; sourceTree = "<group>"; };
		C19F275725A57952008B3022 /* CurrencyCellView.swift */ = {isa = PBXFileReference; lastKnownFileType = sourcecode.swift; path = CurrencyCellView.swift; sourceTree = "<group>"; };
		C19F275C25A590CE008B3022 /* CurrencyResponse.swift */ = {isa = PBXFileReference; lastKnownFileType = sourcecode.swift; path = CurrencyResponse.swift; sourceTree = "<group>"; };
		C19F275F25A59174008B3022 /* ConversionResponse.swift */ = {isa = PBXFileReference; lastKnownFileType = sourcecode.swift; path = ConversionResponse.swift; sourceTree = "<group>"; };
/* End PBXFileReference section */

/* Begin PBXFrameworksBuildPhase section */
		C19F272A25A543D5008B3022 /* Frameworks */ = {
			isa = PBXFrameworksBuildPhase;
			buildActionMask = 2147483647;
			files = (
			);
			runOnlyForDeploymentPostprocessing = 0;
		};
/* End PBXFrameworksBuildPhase section */

/* Begin PBXGroup section */
		C19F272425A543D5008B3022 = {
			isa = PBXGroup;
			children = (
				C19F272F25A543D5008B3022 /* Currency Converter */,
				C19F272E25A543D5008B3022 /* Products */,
			);
			sourceTree = "<group>";
		};
		C19F272E25A543D5008B3022 /* Products */ = {
			isa = PBXGroup;
			children = (
				C19F272D25A543D5008B3022 /* Currency Converter.app */,
			);
			name = Products;
			sourceTree = "<group>";
		};
		C19F272F25A543D5008B3022 /* Currency Converter */ = {
			isa = PBXGroup;
			children = (
				C19F275625A5793C008B3022 /* View */,
				C19F275125A57143008B3022 /* Model */,
				C19F274A25A55AF3008B3022 /* Service */,
				C19F274525A55ACB008B3022 /* View Controller */,
				C19F273025A543D5008B3022 /* AppDelegate.swift */,
				C19F273925A543D8008B3022 /* Assets.xcassets */,
				C19F273B25A543D8008B3022 /* LaunchScreen.storyboard */,
				C19F273E25A543D8008B3022 /* Info.plist */,
			);
			path = "Currency Converter";
			sourceTree = "<group>";
		};
		C19F274525A55ACB008B3022 /* View Controller */ = {
			isa = PBXGroup;
			children = (
				C19F274625A55AEB008B3022 /* CurrencyConverterViewController.swift */,
			);
			path = "View Controller";
			sourceTree = "<group>";
		};
		C19F274A25A55AF3008B3022 /* Service */ = {
			isa = PBXGroup;
			children = (
				C19F274B25A55B09008B3022 /* DataFixerAPI.swift */,
			);
			path = Service;
			sourceTree = "<group>";
		};
		C19F275125A57143008B3022 /* Model */ = {
			isa = PBXGroup;
			children = (
				C19F275225A57157008B3022 /* Currency.swift */,
				C19F275C25A590CE008B3022 /* CurrencyResponse.swift */,
				C19F275F25A59174008B3022 /* ConversionResponse.swift */,
			);
			path = Model;
			sourceTree = "<group>";
		};
		C19F275625A5793C008B3022 /* View */ = {
			isa = PBXGroup;
			children = (
				C19F275725A57952008B3022 /* CurrencyCellView.swift */,
			);
			path = View;
			sourceTree = "<group>";
		};
/* End PBXGroup section */

/* Begin PBXNativeTarget section */
		C19F272C25A543D5008B3022 /* Currency Converter */ = {
			isa = PBXNativeTarget;
			buildConfigurationList = C19F274125A543D8008B3022 /* Build configuration list for PBXNativeTarget "Currency Converter" */;
			buildPhases = (
				C19F272925A543D5008B3022 /* Sources */,
				C19F272A25A543D5008B3022 /* Frameworks */,
				C19F272B25A543D5008B3022 /* Resources */,
			);
			buildRules = (
			);
			dependencies = (
			);
			name = "Currency Converter";
			productName = "Currency Converter";
			productReference = C19F272D25A543D5008B3022 /* Currency Converter.app */;
			productType = "com.apple.product-type.application";
		};
/* End PBXNativeTarget section */

/* Begin PBXProject section */
		C19F272525A543D5008B3022 /* Project object */ = {
			isa = PBXProject;
			attributes = {
				LastSwiftUpdateCheck = 1230;
				LastUpgradeCheck = 1230;
				TargetAttributes = {
					C19F272C25A543D5008B3022 = {
						CreatedOnToolsVersion = 12.3;
					};
				};
			};
			buildConfigurationList = C19F272825A543D5008B3022 /* Build configuration list for PBXProject "Currency Converter" */;
			compatibilityVersion = "Xcode 9.3";
			developmentRegion = en;
			hasScannedForEncodings = 0;
			knownRegions = (
				en,
				Base,
			);
			mainGroup = C19F272425A543D5008B3022;
			productRefGroup = C19F272E25A543D5008B3022 /* Products */;
			projectDirPath = "";
			projectRoot = "";
			targets = (
				C19F272C25A543D5008B3022 /* Currency Converter */,
			);
		};
/* End PBXProject section */

/* Begin PBXResourcesBuildPhase section */
		C19F272B25A543D5008B3022 /* Resources */ = {
			isa = PBXResourcesBuildPhase;
			buildActionMask = 2147483647;
			files = (
				C19F273D25A543D8008B3022 /* LaunchScreen.storyboard in Resources */,
				C19F273A25A543D8008B3022 /* Assets.xcassets in Resources */,
			);
			runOnlyForDeploymentPostprocessing = 0;
		};
/* End PBXResourcesBuildPhase section */

/* Begin PBXSourcesBuildPhase section */
		C19F272925A543D5008B3022 /* Sources */ = {
			isa = PBXSourcesBuildPhase;
			buildActionMask = 2147483647;
			files = (
				C19F275825A57952008B3022 /* CurrencyCellView.swift in Sources */,
				C19F275325A57157008B3022 /* Currency.swift in Sources */,
				C19F274C25A55B09008B3022 /* DataFixerAPI.swift in Sources */,
				C19F275D25A590CE008B3022 /* CurrencyResponse.swift in Sources */,
				C19F273125A543D5008B3022 /* AppDelegate.swift in Sources */,
				C19F274725A55AEB008B3022 /* CurrencyConverterViewController.swift in Sources */,
				C19F276025A59174008B3022 /* ConversionResponse.swift in Sources */,
			);
			runOnlyForDeploymentPostprocessing = 0;
		};
/* End PBXSourcesBuildPhase section */

/* Begin PBXVariantGroup section */
		C19F273B25A543D8008B3022 /* LaunchScreen.storyboard */ = {
			isa = PBXVariantGroup;
			children = (
				C19F273C25A543D8008B3022 /* Base */,
			);
			name = LaunchScreen.storyboard;
			sourceTree = "<group>";
		};
/* End PBXVariantGroup section */

/* Begin XCBuildConfiguration section */
		C19F273F25A543D8008B3022 /* Debug */ = {
			isa = XCBuildConfiguration;
			buildSettings = {
				ALWAYS_SEARCH_USER_PATHS = NO;
				CLANG_ANALYZER_NONNULL = YES;
				CLANG_ANALYZER_NUMBER_OBJECT_CONVERSION = YES_AGGRESSIVE;
				CLANG_CXX_LANGUAGE_STANDARD = "gnu++14";
				CLANG_CXX_LIBRARY = "libc++";
				CLANG_ENABLE_MODULES = YES;
				CLANG_ENABLE_OBJC_ARC = YES;
				CLANG_ENABLE_OBJC_WEAK = YES;
				CLANG_WARN_BLOCK_CAPTURE_AUTORELEASING = YES;
				CLANG_WARN_BOOL_CONVERSION = YES;
				CLANG_WARN_COMMA = YES;
				CLANG_WARN_CONSTANT_CONVERSION = YES;
				CLANG_WARN_DEPRECATED_OBJC_IMPLEMENTATIONS = YES;
				CLANG_WARN_DIRECT_OBJC_ISA_USAGE = YES_ERROR;
				CLANG_WARN_DOCUMENTATION_COMMENTS = YES;
				CLANG_WARN_EMPTY_BODY = YES;
				CLANG_WARN_ENUM_CONVERSION = YES;
				CLANG_WARN_INFINITE_RECURSION = YES;
				CLANG_WARN_INT_CONVERSION = YES;
				CLANG_WARN_NON_LITERAL_NULL_CONVERSION = YES;
				CLANG_WARN_OBJC_IMPLICIT_RETAIN_SELF = YES;
				CLANG_WARN_OBJC_LITERAL_CONVERSION = YES;
				CLANG_WARN_OBJC_ROOT_CLASS = YES_ERROR;
				CLANG_WARN_QUOTED_INCLUDE_IN_FRAMEWORK_HEADER = YES;
				CLANG_WARN_RANGE_LOOP_ANALYSIS = YES;
				CLANG_WARN_STRICT_PROTOTYPES = YES;
				CLANG_WARN_SUSPICIOUS_MOVE = YES;
				CLANG_WARN_UNGUARDED_AVAILABILITY = YES_AGGRESSIVE;
				CLANG_WARN_UNREACHABLE_CODE = YES;
				CLANG_WARN__DUPLICATE_METHOD_MATCH = YES;
				COPY_PHASE_STRIP = NO;
				DEBUG_INFORMATION_FORMAT = dwarf;
				ENABLE_STRICT_OBJC_MSGSEND = YES;
				ENABLE_TESTABILITY = YES;
				GCC_C_LANGUAGE_STANDARD = gnu11;
				GCC_DYNAMIC_NO_PIC = NO;
				GCC_NO_COMMON_BLOCKS = YES;
				GCC_OPTIMIZATION_LEVEL = 0;
				GCC_PREPROCESSOR_DEFINITIONS = (
					"DEBUG=1",
					"$(inherited)",
				);
				GCC_WARN_64_TO_32_BIT_CONVERSION = YES;
				GCC_WARN_ABOUT_RETURN_TYPE = YES_ERROR;
				GCC_WARN_UNDECLARED_SELECTOR = YES;
				GCC_WARN_UNINITIALIZED_AUTOS = YES_AGGRESSIVE;
				GCC_WARN_UNUSED_FUNCTION = YES;
				GCC_WARN_UNUSED_VARIABLE = YES;
				IPHONEOS_DEPLOYMENT_TARGET = 14.3;
				MTL_ENABLE_DEBUG_INFO = INCLUDE_SOURCE;
				MTL_FAST_MATH = YES;
				ONLY_ACTIVE_ARCH = YES;
				SDKROOT = iphoneos;
				SWIFT_ACTIVE_COMPILATION_CONDITIONS = DEBUG;
				SWIFT_OPTIMIZATION_LEVEL = "-Onone";
			};
			name = Debug;
		};
		C19F274025A543D8008B3022 /* Release */ = {
			isa = XCBuildConfiguration;
			buildSettings = {
				ALWAYS_SEARCH_USER_PATHS = NO;
				CLANG_ANALYZER_NONNULL = YES;
				CLANG_ANALYZER_NUMBER_OBJECT_CONVERSION = YES_AGGRESSIVE;
				CLANG_CXX_LANGUAGE_STANDARD = "gnu++14";
				CLANG_CXX_LIBRARY = "libc++";
				CLANG_ENABLE_MODULES = YES;
				CLANG_ENABLE_OBJC_ARC = YES;
				CLANG_ENABLE_OBJC_WEAK = YES;
				CLANG_WARN_BLOCK_CAPTURE_AUTORELEASING = YES;
				CLANG_WARN_BOOL_CONVERSION = YES;
				CLANG_WARN_COMMA = YES;
				CLANG_WARN_CONSTANT_CONVERSION = YES;
				CLANG_WARN_DEPRECATED_OBJC_IMPLEMENTATIONS = YES;
				CLANG_WARN_DIRECT_OBJC_ISA_USAGE = YES_ERROR;
				CLANG_WARN_DOCUMENTATION_COMMENTS = YES;
				CLANG_WARN_EMPTY_BODY = YES;
				CLANG_WARN_ENUM_CONVERSION = YES;
				CLANG_WARN_INFINITE_RECURSION = YES;
				CLANG_WARN_INT_CONVERSION = YES;
				CLANG_WARN_NON_LITERAL_NULL_CONVERSION = YES;
				CLANG_WARN_OBJC_IMPLICIT_RETAIN_SELF = YES;
				CLANG_WARN_OBJC_LITERAL_CONVERSION = YES;
				CLANG_WARN_OBJC_ROOT_CLASS = YES_ERROR;
				CLANG_WARN_QUOTED_INCLUDE_IN_FRAMEWORK_HEADER = YES;
				CLANG_WARN_RANGE_LOOP_ANALYSIS = YES;
				CLANG_WARN_STRICT_PROTOTYPES = YES;
				CLANG_WARN_SUSPICIOUS_MOVE = YES;
				CLANG_WARN_UNGUARDED_AVAILABILITY = YES_AGGRESSIVE;
				CLANG_WARN_UNREACHABLE_CODE = YES;
				CLANG_WARN__DUPLICATE_METHOD_MATCH = YES;
				COPY_PHASE_STRIP = NO;
				DEBUG_INFORMATION_FORMAT = "dwarf-with-dsym";
				ENABLE_NS_ASSERTIONS = NO;
				ENABLE_STRICT_OBJC_MSGSEND = YES;
				GCC_C_LANGUAGE_STANDARD = gnu11;
				GCC_NO_COMMON_BLOCKS = YES;
				GCC_WARN_64_TO_32_BIT_CONVERSION = YES;
				GCC_WARN_ABOUT_RETURN_TYPE = YES_ERROR;
				GCC_WARN_UNDECLARED_SELECTOR = YES;
				GCC_WARN_UNINITIALIZED_AUTOS = YES_AGGRESSIVE;
				GCC_WARN_UNUSED_FUNCTION = YES;
				GCC_WARN_UNUSED_VARIABLE = YES;
				IPHONEOS_DEPLOYMENT_TARGET = 14.3;
				MTL_ENABLE_DEBUG_INFO = NO;
				MTL_FAST_MATH = YES;
				SDKROOT = iphoneos;
				SWIFT_COMPILATION_MODE = wholemodule;
				SWIFT_OPTIMIZATION_LEVEL = "-O";
				VALIDATE_PRODUCT = YES;
			};
			name = Release;
		};
		C19F274225A543D8008B3022 /* Debug */ = {
			isa = XCBuildConfiguration;
			buildSettings = {
				ASSETCATALOG_COMPILER_APPICON_NAME = AppIcon;
				ASSETCATALOG_COMPILER_GLOBAL_ACCENT_COLOR_NAME = AccentColor;
				CODE_SIGN_STYLE = Automatic;
				DEVELOPMENT_TEAM = H6A3R6WG95;
				INFOPLIST_FILE = "Currency Converter/Info.plist";
				LD_RUNPATH_SEARCH_PATHS = (
					"$(inherited)",
					"@executable_path/Frameworks",
				);
				PRODUCT_BUNDLE_IDENTIFIER = "online.shrenitexpert.Currency-Converter";
				PRODUCT_NAME = "$(TARGET_NAME)";
				SWIFT_VERSION = 5.0;
				TARGETED_DEVICE_FAMILY = "1,2";
			};
			name = Debug;
		};
		C19F274325A543D8008B3022 /* Release */ = {
			isa = XCBuildConfiguration;
			buildSettings = {
				ASSETCATALOG_COMPILER_APPICON_NAME = AppIcon;
				ASSETCATALOG_COMPILER_GLOBAL_ACCENT_COLOR_NAME = AccentColor;
				CODE_SIGN_STYLE = Automatic;
				DEVELOPMENT_TEAM = H6A3R6WG95;
				INFOPLIST_FILE = "Currency Converter/Info.plist";
				LD_RUNPATH_SEARCH_PATHS = (
					"$(inherited)",
					"@executable_path/Frameworks",
				);
				PRODUCT_BUNDLE_IDENTIFIER = "online.shrenitexpert.Currency-Converter";
				PRODUCT_NAME = "$(TARGET_NAME)";
				SWIFT_VERSION = 5.0;
				TARGETED_DEVICE_FAMILY = "1,2";
			};
			name = Release;
		};
/* End XCBuildConfiguration section */

/* Begin XCConfigurationList section */
		C19F272825A543D5008B3022 /* Build configuration list for PBXProject "Currency Converter" */ = {
			isa = XCConfigurationList;
			buildConfigurations = (
				C19F273F25A543D8008B3022 /* Debug */,
				C19F274025A543D8008B3022 /* Release */,
			);
			defaultConfigurationIsVisible = 0;
			defaultConfigurationName = Release;
		};
		C19F274125A543D8008B3022 /* Build configuration list for PBXNativeTarget "Currency Converter" */ = {
			isa = XCConfigurationList;
			buildConfigurations = (
				C19F274225A543D8008B3022 /* Debug */,
				C19F274325A543D8008B3022 /* Release */,
			);
			defaultConfigurationIsVisible = 0;
			defaultConfigurationName = Release;
		};
/* End XCConfigurationList section */
	};
	rootObject = C19F272525A543D5008B3022 /* Project object */;
}
